version: 2.0
shards:
  circuit_breaker:
    git: https://github.com/noellabo/circuit_breaker.git
    version: 0.0.5+git.commit.33e5951aaa69505e1eccea392543f1af5fcfd489

  dotenv:
    git: https://github.com/gdotdesign/cr-dotenv.git
    version: 1.0.0

  earl:
    git: https://github.com/ysbaddaden/earl.git
    version: 0.2.0+git.commit.2a732dfcca8241eaca86dc24c41435d7032dd5f2

  openssl_ext:
    git: https://github.com/stakach/openssl_ext.git
    version: 2.1.5

  pool:
    git: https://github.com/ysbaddaden/pool.git
    version: 0.2.4

  redis:
    git: https://github.com/stefanwille/crystal-redis.git
    version: 2.8.2

  webmock:
    git: https://github.com/manastech/webmock.cr.git
    version: 0.14.0

