version: 1.0
shards:
  dotenv:
    github: gdotdesign/cr-dotenv
    version: 0.1.0

  earl:
    github: ysbaddaden/earl
    commit: e809dff93f66793498c6140feef1b3e51b6f9ee4

  openssl_ext:
    github: randomstate/openssl_ext
    version: 0.1.1

  pool:
    github: ysbaddaden/pool
    version: 0.2.3

  redis:
    github: stefanwille/crystal-redis
    version: 2.0.0

  webmock:
    github: manastech/webmock.cr
    version: 0.10.0

